// !$*UTF8*$!
{
	archiveVersion = 1;
	classes = {
	};
	objectVersion = 50;
	objects = {

/* Begin PBXBuildFile section */
		4EBFE5EC232AEE9900DD81DB /* AppDelegate.swift in Sources */ = {isa = PBXBuildFile; fileRef = 4EBFE5EB232AEE9900DD81DB /* AppDelegate.swift */; };
		4EBFE5EE232AEE9900DD81DB /* ViewController.swift in Sources */ = {isa = PBXBuildFile; fileRef = 4EBFE5ED232AEE9900DD81DB /* ViewController.swift */; };
		4EBFE5F1232AEE9900DD81DB /* Main.storyboard in Resources */ = {isa = PBXBuildFile; fileRef = 4EBFE5EF232AEE9900DD81DB /* Main.storyboard */; };
		4EBFE5F3232AEE9900DD81DB /* Assets.xcassets in Resources */ = {isa = PBXBuildFile; fileRef = 4EBFE5F2232AEE9900DD81DB /* Assets.xcassets */; };
		4EBFE5F6232AEE9900DD81DB /* LaunchScreen.storyboard in Resources */ = {isa = PBXBuildFile; fileRef = 4EBFE5F4232AEE9900DD81DB /* LaunchScreen.storyboard */; };
/* End PBXBuildFile section */

/* Begin PBXFileReference section */
		4EBFE5E8232AEE9900DD81DB /* TrainJourneyPlanner.app */ = {isa = PBXFileReference; explicitFileType = wrapper.application; includeInIndex = 0; path = TrainJourneyPlanner.app; sourceTree = BUILT_PRODUCTS_DIR; };
		4EBFE5EB232AEE9900DD81DB /* AppDelegate.swift */ = {isa = PBXFileReference; lastKnownFileType = sourcecode.swift; path = AppDelegate.swift; sourceTree = "<group>"; };
		4EBFE5ED232AEE9900DD81DB /* ViewController.swift */ = {isa = PBXFileReference; lastKnownFileType = sourcecode.swift; path = ViewController.swift; sourceTree = "<group>"; };
		4EBFE5F0232AEE9900DD81DB /* Base */ = {isa = PBXFileReference; lastKnownFileType = file.storyboard; name = Base; path = Base.lproj/Main.storyboard; sourceTree = "<group>"; };
		4EBFE5F2232AEE9900DD81DB /* Assets.xcassets */ = {isa = PBXFileReference; lastKnownFileType = folder.assetcatalog; path = Assets.xcassets; sourceTree = "<group>"; };
		4EBFE5F5232AEE9900DD81DB /* Base */ = {isa = PBXFileReference; lastKnownFileType = file.storyboard; name = Base; path = Base.lproj/LaunchScreen.storyboard; sourceTree = "<group>"; };
		4EBFE5F7232AEE9900DD81DB /* Info.plist */ = {isa = PBXFileReference; lastKnownFileType = text.plist.xml; path = Info.plist; sourceTree = "<group>"; };
/* End PBXFileReference section */

/* Begin PBXFrameworksBuildPhase section */
		4EBFE5E5232AEE9900DD81DB /* Frameworks */ = {
			isa = PBXFrameworksBuildPhase;
			buildActionMask = 2147483647;
			files = (
			);
			runOnlyForDeploymentPostprocessing = 0;
		};
/* End PBXFrameworksBuildPhase section */

/* Begin PBXGroup section */
		4EBFE5DF232AEE9900DD81DB = {
			isa = PBXGroup;
			children = (
				4EBFE5EA232AEE9900DD81DB /* TrainJourneyPlanner */,
				4EBFE5E9232AEE9900DD81DB /* Products */,
			);
			sourceTree = "<group>";
		};
		4EBFE5E9232AEE9900DD81DB /* Products */ = {
			isa = PBXGroup;
			children = (
				4EBFE5E8232AEE9900DD81DB /* TrainJourneyPlanner.app */,
			);
			name = Products;
			sourceTree = "<group>";
		};
		4EBFE5EA232AEE9900DD81DB /* TrainJourneyPlanner */ = {
			isa = PBXGroup;
			children = (
				4EBFE5EB232AEE9900DD81DB /* AppDelegate.swift */,
				4EBFE5ED232AEE9900DD81DB /* ViewController.swift */,
				4EBFE5EF232AEE9900DD81DB /* Main.storyboard */,
				4EBFE5F2232AEE9900DD81DB /* Assets.xcassets */,
				4EBFE5F4232AEE9900DD81DB /* LaunchScreen.storyboard */,
				4EBFE5F7232AEE9900DD81DB /* Info.plist */,
			);
			path = TrainJourneyPlanner;
			sourceTree = "<group>";
		};
/* End PBXGroup section */

/* Begin PBXNativeTarget section */
		4EBFE5E7232AEE9900DD81DB /* TrainJourneyPlanner */ = {
			isa = PBXNativeTarget;
			buildConfigurationList = 4EBFE5FA232AEE9900DD81DB /* Build configuration list for PBXNativeTarget "TrainJourneyPlanner" */;
			buildPhases = (
				4EBFE5E4232AEE9900DD81DB /* Sources */,
				4EBFE5E5232AEE9900DD81DB /* Frameworks */,
				4EBFE5E6232AEE9900DD81DB /* Resources */,
			);
			buildRules = (
			);
			dependencies = (
			);
			name = TrainJourneyPlanner;
			productName = TrainJourneyPlanner;
			productReference = 4EBFE5E8232AEE9900DD81DB /* TrainJourneyPlanner.app */;
			productType = "com.apple.product-type.application";
		};
/* End PBXNativeTarget section */

/* Begin PBXProject section */
		4EBFE5E0232AEE9900DD81DB /* Project object */ = {
			isa = PBXProject;
			attributes = {
				LastSwiftUpdateCheck = 1020;
				LastUpgradeCheck = 1020;
				ORGANIZATIONNAME = RP;
				TargetAttributes = {
					4EBFE5E7232AEE9900DD81DB = {
						CreatedOnToolsVersion = 10.2.1;
					};
				};
			};
			buildConfigurationList = 4EBFE5E3232AEE9900DD81DB /* Build configuration list for PBXProject "TrainJourneyPlanner" */;
			compatibilityVersion = "Xcode 9.3";
			developmentRegion = en;
			hasScannedForEncodings = 0;
			knownRegions = (
				en,
				Base,
			);
			mainGroup = 4EBFE5DF232AEE9900DD81DB;
			productRefGroup = 4EBFE5E9232AEE9900DD81DB /* Products */;
			projectDirPath = "";
			projectRoot = "";
			targets = (
				4EBFE5E7232AEE9900DD81DB /* TrainJourneyPlanner */,
			);
		};
/* End PBXProject section */

/* Begin PBXResourcesBuildPhase section */
		4EBFE5E6232AEE9900DD81DB /* Resources */ = {
			isa = PBXResourcesBuildPhase;
			buildActionMask = 2147483647;
			files = (
				4EBFE5F6232AEE9900DD81DB /* LaunchScreen.storyboard in Resources */,
				4EBFE5F3232AEE9900DD81DB /* Assets.xcassets in Resources */,
				4EBFE5F1232AEE9900DD81DB /* Main.storyboard in Resources */,
			);
			runOnlyForDeploymentPostprocessing = 0;
		};
/* End PBXResourcesBuildPhase section */

/* Begin PBXSourcesBuildPhase section */
		4EBFE5E4232AEE9900DD81DB /* Sources */ = {
			isa = PBXSourcesBuildPhase;
			buildActionMask = 2147483647;
			files = (
				4EBFE5EE232AEE9900DD81DB /* ViewController.swift in Sources */,
				4EBFE5EC232AEE9900DD81DB /* AppDelegate.swift in Sources */,
			);
			runOnlyForDeploymentPostprocessing = 0;
		};
/* End PBXSourcesBuildPhase section */

/* Begin PBXVariantGroup section */
		4EBFE5EF232AEE9900DD81DB /* Main.storyboard */ = {
			isa = PBXVariantGroup;
			children = (
				4EBFE5F0232AEE9900DD81DB /* Base */,
			);
			name = Main.storyboard;
			sourceTree = "<group>";
		};
		4EBFE5F4232AEE9900DD81DB /* LaunchScreen.storyboard */ = {
			isa = PBXVariantGroup;
			children = (
				4EBFE5F5232AEE9900DD81DB /* Base */,
			);
			name = LaunchScreen.storyboard;
			sourceTree = "<group>";
		};
/* End PBXVariantGroup section */

/* Begin XCBuildConfiguration section */
		4EBFE5F8232AEE9900DD81DB /* Debug */ = {
			isa = XCBuildConfiguration;
			buildSettings = {
				ALWAYS_SEARCH_USER_PATHS = NO;
				CLANG_ANALYZER_NONNULL = YES;
				CLANG_ANALYZER_NUMBER_OBJECT_CONVERSION = YES_AGGRESSIVE;
				CLANG_CXX_LANGUAGE_STANDARD = "gnu++14";
				CLANG_CXX_LIBRARY = "libc++";
				CLANG_ENABLE_MODULES = YES;
				CLANG_ENABLE_OBJC_ARC = YES;
				CLANG_ENABLE_OBJC_WEAK = YES;
				CLANG_WARN_BLOCK_CAPTURE_AUTORELEASING = YES;
				CLANG_WARN_BOOL_CONVERSION = YES;
				CLANG_WARN_COMMA = YES;
				CLANG_WARN_CONSTANT_CONVERSION = YES;
				CLANG_WARN_DEPRECATED_OBJC_IMPLEMENTATIONS = YES;
				CLANG_WARN_DIRECT_OBJC_ISA_USAGE = YES_ERROR;
				CLANG_WARN_DOCUMENTATION_COMMENTS = YES;
				CLANG_WARN_EMPTY_BODY = YES;
				CLANG_WARN_ENUM_CONVERSION = YES;
				CLANG_WARN_INFINITE_RECURSION = YES;
				CLANG_WARN_INT_CONVERSION = YES;
				CLANG_WARN_NON_LITERAL_NULL_CONVERSION = YES;
				CLANG_WARN_OBJC_IMPLICIT_RETAIN_SELF = YES;
				CLANG_WARN_OBJC_LITERAL_CONVERSION = YES;
				CLANG_WARN_OBJC_ROOT_CLASS = YES_ERROR;
				CLANG_WARN_RANGE_LOOP_ANALYSIS = YES;
				CLANG_WARN_STRICT_PROTOTYPES = YES;
				CLANG_WARN_SUSPICIOUS_MOVE = YES;
				CLANG_WARN_UNGUARDED_AVAILABILITY = YES_AGGRESSIVE;
				CLANG_WARN_UNREACHABLE_CODE = YES;
				CLANG_WARN__DUPLICATE_METHOD_MATCH = YES;
				CODE_SIGN_IDENTITY = "iPhone Developer";
				COPY_PHASE_STRIP = NO;
				DEBUG_INFORMATION_FORMAT = dwarf;
				ENABLE_STRICT_OBJC_MSGSEND = YES;
				ENABLE_TESTABILITY = YES;
				GCC_C_LANGUAGE_STANDARD = gnu11;
				GCC_DYNAMIC_NO_PIC = NO;
				GCC_NO_COMMON_BLOCKS = YES;
				GCC_OPTIMIZATION_LEVEL = 0;
				GCC_PREPROCESSOR_DEFINITIONS = (
					"DEBUG=1",
					"$(inherited)",
				);
				GCC_WARN_64_TO_32_BIT_CONVERSION = YES;
				GCC_WARN_ABOUT_RETURN_TYPE = YES_ERROR;
				GCC_WARN_UNDECLARED_SELECTOR = YES;
				GCC_WARN_UNINITIALIZED_AUTOS = YES_AGGRESSIVE;
				GCC_WARN_UNUSED_FUNCTION = YES;
				GCC_WARN_UNUSED_VARIABLE = YES;
				IPHONEOS_DEPLOYMENT_TARGET = 12.2;
				MTL_ENABLE_DEBUG_INFO = INCLUDE_SOURCE;
				MTL_FAST_MATH = YES;
				ONLY_ACTIVE_ARCH = YES;
				SDKROOT = iphoneos;
				SWIFT_ACTIVE_COMPILATION_CONDITIONS = DEBUG;
				SWIFT_OPTIMIZATION_LEVEL = "-Onone";
			};
			name = Debug;
		};
		4EBFE5F9232AEE9900DD81DB /* Release */ = {
			isa = XCBuildConfiguration;
			buildSettings = {
				ALWAYS_SEARCH_USER_PATHS = NO;
				CLANG_ANALYZER_NONNULL = YES;
				CLANG_ANALYZER_NUMBER_OBJECT_CONVERSION = YES_AGGRESSIVE;
				CLANG_CXX_LANGUAGE_STANDARD = "gnu++14";
				CLANG_CXX_LIBRARY = "libc++";
				CLANG_ENABLE_MODULES = YES;
				CLANG_ENABLE_OBJC_ARC = YES;
				CLANG_ENABLE_OBJC_WEAK = YES;
				CLANG_WARN_BLOCK_CAPTURE_AUTORELEASING = YES;
				CLANG_WARN_BOOL_CONVERSION = YES;
				CLANG_WARN_COMMA = YES;
				CLANG_WARN_CONSTANT_CONVERSION = YES;
				CLANG_WARN_DEPRECATED_OBJC_IMPLEMENTATIONS = YES;
				CLANG_WARN_DIRECT_OBJC_ISA_USAGE = YES_ERROR;
				CLANG_WARN_DOCUMENTATION_COMMENTS = YES;
				CLANG_WARN_EMPTY_BODY = YES;
				CLANG_WARN_ENUM_CONVERSION = YES;
				CLANG_WARN_INFINITE_RECURSION = YES;
				CLANG_WARN_INT_CONVERSION = YES;
				CLANG_WARN_NON_LITERAL_NULL_CONVERSION = YES;
				CLANG_WARN_OBJC_IMPLICIT_RETAIN_SELF = YES;
				CLANG_WARN_OBJC_LITERAL_CONVERSION = YES;
				CLANG_WARN_OBJC_ROOT_CLASS = YES_ERROR;
				CLANG_WARN_RANGE_LOOP_ANALYSIS = YES;
				CLANG_WARN_STRICT_PROTOTYPES = YES;
				CLANG_WARN_SUSPICIOUS_MOVE = YES;
				CLANG_WARN_UNGUARDED_AVAILABILITY = YES_AGGRESSIVE;
				CLANG_WARN_UNREACHABLE_CODE = YES;
				CLANG_WARN__DUPLICATE_METHOD_MATCH = YES;
				CODE_SIGN_IDENTITY = "iPhone Developer";
				COPY_PHASE_STRIP = NO;
				DEBUG_INFORMATION_FORMAT = "dwarf-with-dsym";
				ENABLE_NS_ASSERTIONS = NO;
				ENABLE_STRICT_OBJC_MSGSEND = YES;
				GCC_C_LANGUAGE_STANDARD = gnu11;
				GCC_NO_COMMON_BLOCKS = YES;
				GCC_WARN_64_TO_32_BIT_CONVERSION = YES;
				GCC_WARN_ABOUT_RETURN_TYPE = YES_ERROR;
				GCC_WARN_UNDECLARED_SELECTOR = YES;
				GCC_WARN_UNINITIALIZED_AUTOS = YES_AGGRESSIVE;
				GCC_WARN_UNUSED_FUNCTION = YES;
				GCC_WARN_UNUSED_VARIABLE = YES;
				IPHONEOS_DEPLOYMENT_TARGET = 12.2;
				MTL_ENABLE_DEBUG_INFO = NO;
				MTL_FAST_MATH = YES;
				SDKROOT = iphoneos;
				SWIFT_COMPILATION_MODE = wholemodule;
				SWIFT_OPTIMIZATION_LEVEL = "-O";
				VALIDATE_PRODUCT = YES;
			};
			name = Release;
		};
		4EBFE5FB232AEE9900DD81DB /* Debug */ = {
			isa = XCBuildConfiguration;
			buildSettings = {
				ASSETCATALOG_COMPILER_APPICON_NAME = AppIcon;
				CODE_SIGN_STYLE = Automatic;
				DEVELOPMENT_TEAM = 33MSMA6BZU;
				INFOPLIST_FILE = TrainJourneyPlanner/Info.plist;
				LD_RUNPATH_SEARCH_PATHS = (
					"$(inherited)",
					"@executable_path/Frameworks",
				);
				PRODUCT_BUNDLE_IDENTIFIER = com.kurdekar.TrainJourneyPlanner;
				PRODUCT_NAME = "$(TARGET_NAME)";
				SWIFT_VERSION = 5.0;
				TARGETED_DEVICE_FAMILY = "1,2";
			};
			name = Debug;
		};
		4EBFE5FC232AEE9900DD81DB /* Release */ = {
			isa = XCBuildConfiguration;
			buildSettings = {
				ASSETCATALOG_COMPILER_APPICON_NAME = AppIcon;
				CODE_SIGN_STYLE = Automatic;
				DEVELOPMENT_TEAM = 33MSMA6BZU;
				INFOPLIST_FILE = TrainJourneyPlanner/Info.plist;
				LD_RUNPATH_SEARCH_PATHS = (
					"$(inherited)",
					"@executable_path/Frameworks",
				);
				PRODUCT_BUNDLE_IDENTIFIER = com.kurdekar.TrainJourneyPlanner;
				PRODUCT_NAME = "$(TARGET_NAME)";
				SWIFT_VERSION = 5.0;
				TARGETED_DEVICE_FAMILY = "1,2";
			};
			name = Release;
		};
/* End XCBuildConfiguration section */

/* Begin XCConfigurationList section */
		4EBFE5E3232AEE9900DD81DB /* Build configuration list for PBXProject "TrainJourneyPlanner" */ = {
			isa = XCConfigurationList;
			buildConfigurations = (
				4EBFE5F8232AEE9900DD81DB /* Debug */,
				4EBFE5F9232AEE9900DD81DB /* Release */,
			);
			defaultConfigurationIsVisible = 0;
			defaultConfigurationName = Release;
		};
		4EBFE5FA232AEE9900DD81DB /* Build configuration list for PBXNativeTarget "TrainJourneyPlanner" */ = {
			isa = XCConfigurationList;
			buildConfigurations = (
				4EBFE5FB232AEE9900DD81DB /* Debug */,
				4EBFE5FC232AEE9900DD81DB /* Release */,
			);
			defaultConfigurationIsVisible = 0;
			defaultConfigurationName = Release;
		};
/* End XCConfigurationList section */
	};
	rootObject = 4EBFE5E0232AEE9900DD81DB /* Project object */;
}
